// !$*UTF8*$!
{
	archiveVersion = 1;
	classes = {
	};
	objectVersion = 46;
	objects = {

/* Begin PBXBuildFile section */
		0865F75CCB2ADBD83DE79F48 /* Pods_Find_Cafe.framework in Frameworks */ = {isa = PBXBuildFile; fileRef = 08DCE23F71734DD73C892CB1 /* Pods_Find_Cafe.framework */; };
		C608D4831E32839E005DDD0D /* SF-UI-Text-Regular.otf in Resources */ = {isa = PBXBuildFile; fileRef = C608D4821E32839E005DDD0D /* SF-UI-Text-Regular.otf */; };
		C608D4851E32F83F005DDD0D /* SortTableViewController.swift in Sources */ = {isa = PBXBuildFile; fileRef = C608D4841E32F83F005DDD0D /* SortTableViewController.swift */; };
		C608D4871E3325E1005DDD0D /* SelectCityTableViewController.swift in Sources */ = {isa = PBXBuildFile; fileRef = C608D4861E3325E1005DDD0D /* SelectCityTableViewController.swift */; };
		C64815481E18B0860091044F /* MapKit.framework in Frameworks */ = {isa = PBXBuildFile; fileRef = C64815471E18B0860091044F /* MapKit.framework */; };
		C648154A1E1BF9200091044F /* CafeDetailView.xib in Resources */ = {isa = PBXBuildFile; fileRef = C64815491E1BF9200091044F /* CafeDetailView.xib */; };
		C648154E1E1BFF6E0091044F /* CafeAnnotationView.swift in Sources */ = {isa = PBXBuildFile; fileRef = C648154D1E1BFF6E0091044F /* CafeAnnotationView.swift */; };
		C660CE451E27EFD400ED25A3 /* UIView+BezierPaths.swift in Sources */ = {isa = PBXBuildFile; fileRef = C660CE441E27EFD400ED25A3 /* UIView+BezierPaths.swift */; };
		C678DB361E20A818000782BD /* UserInfo.swift in Sources */ = {isa = PBXBuildFile; fileRef = C678DB351E20A818000782BD /* UserInfo.swift */; };
		C678DB5A1E20FC2A000782BD /* SortPickerView.xib in Resources */ = {isa = PBXBuildFile; fileRef = C678DB591E20FC2A000782BD /* SortPickerView.xib */; };
		C678DB601E213391000782BD /* SortPickerView.swift in Sources */ = {isa = PBXBuildFile; fileRef = C678DB5F1E213391000782BD /* SortPickerView.swift */; };
		C689A1D81E17468600506E54 /* CafeDetailHeader.xib in Resources */ = {isa = PBXBuildFile; fileRef = C689A1D71E17468600506E54 /* CafeDetailHeader.xib */; };
		C6A57D3F1E14052A00EAFF81 /* AppDelegate.swift in Sources */ = {isa = PBXBuildFile; fileRef = C6A57D3E1E14052A00EAFF81 /* AppDelegate.swift */; };
		C6A57D441E14052A00EAFF81 /* Main.storyboard in Resources */ = {isa = PBXBuildFile; fileRef = C6A57D421E14052A00EAFF81 /* Main.storyboard */; };
		C6A57D461E14052A00EAFF81 /* Assets.xcassets in Resources */ = {isa = PBXBuildFile; fileRef = C6A57D451E14052A00EAFF81 /* Assets.xcassets */; };
		C6A57D491E14052A00EAFF81 /* LaunchScreen.storyboard in Resources */ = {isa = PBXBuildFile; fileRef = C6A57D471E14052A00EAFF81 /* LaunchScreen.storyboard */; };
		C6A57D511E1423E500EAFF81 /* HomePageViewController.swift in Sources */ = {isa = PBXBuildFile; fileRef = C6A57D501E1423E500EAFF81 /* HomePageViewController.swift */; };
		C6A57D531E1424C000EAFF81 /* SelectCityViewController.swift in Sources */ = {isa = PBXBuildFile; fileRef = C6A57D521E1424C000EAFF81 /* SelectCityViewController.swift */; };
		C6A57D551E1424F200EAFF81 /* CafesViewController.swift in Sources */ = {isa = PBXBuildFile; fileRef = C6A57D541E1424F200EAFF81 /* CafesViewController.swift */; };
		C6A57D591E154C5900EAFF81 /* CoreLocation.framework in Frameworks */ = {isa = PBXBuildFile; fileRef = C6A57D581E154C5900EAFF81 /* CoreLocation.framework */; };
		C6A57D5B1E15D74E00EAFF81 /* NetworkManager.swift in Sources */ = {isa = PBXBuildFile; fileRef = C6A57D5A1E15D74E00EAFF81 /* NetworkManager.swift */; };
		C6F00A4D1E22971600D02545 /* LocationSearchTable.swift in Sources */ = {isa = PBXBuildFile; fileRef = C6F00A4C1E22971600D02545 /* LocationSearchTable.swift */; };
		ED3E88E81E1DE67A007E1296 /* CafeAnnotation.swift in Sources */ = {isa = PBXBuildFile; fileRef = ED3E88E71E1DE67A007E1296 /* CafeAnnotation.swift */; };
		ED3E88EA1E1DEB20007E1296 /* CafeDetailView.swift in Sources */ = {isa = PBXBuildFile; fileRef = ED3E88E91E1DEB20007E1296 /* CafeDetailView.swift */; };
		ED6642381E1634820030B088 /* CafesInfo.swift in Sources */ = {isa = PBXBuildFile; fileRef = ED6642371E1634820030B088 /* CafesInfo.swift */; };
/* End PBXBuildFile section */

/* Begin PBXFileReference section */
		08DCE23F71734DD73C892CB1 /* Pods_Find_Cafe.framework */ = {isa = PBXFileReference; explicitFileType = wrapper.framework; includeInIndex = 0; path = Pods_Find_Cafe.framework; sourceTree = BUILT_PRODUCTS_DIR; };
		128B618FF8FF46EF8A7B515F /* Pods-Find_Cafe.release.xcconfig */ = {isa = PBXFileReference; includeInIndex = 1; lastKnownFileType = text.xcconfig; name = "Pods-Find_Cafe.release.xcconfig"; path = "Pods/Target Support Files/Pods-Find_Cafe/Pods-Find_Cafe.release.xcconfig"; sourceTree = "<group>"; };
		3883C4F5A312BAA135E8F566 /* Pods-Find_Cafe.debug.xcconfig */ = {isa = PBXFileReference; includeInIndex = 1; lastKnownFileType = text.xcconfig; name = "Pods-Find_Cafe.debug.xcconfig"; path = "Pods/Target Support Files/Pods-Find_Cafe/Pods-Find_Cafe.debug.xcconfig"; sourceTree = "<group>"; };
		C608D4821E32839E005DDD0D /* SF-UI-Text-Regular.otf */ = {isa = PBXFileReference; lastKnownFileType = file; path = "SF-UI-Text-Regular.otf"; sourceTree = "<group>"; };
		C608D4841E32F83F005DDD0D /* SortTableViewController.swift */ = {isa = PBXFileReference; fileEncoding = 4; lastKnownFileType = sourcecode.swift; path = SortTableViewController.swift; sourceTree = "<group>"; };
		C608D4861E3325E1005DDD0D /* SelectCityTableViewController.swift */ = {isa = PBXFileReference; fileEncoding = 4; lastKnownFileType = sourcecode.swift; path = SelectCityTableViewController.swift; sourceTree = "<group>"; };
		C64815471E18B0860091044F /* MapKit.framework */ = {isa = PBXFileReference; lastKnownFileType = wrapper.framework; name = MapKit.framework; path = System/Library/Frameworks/MapKit.framework; sourceTree = SDKROOT; };
		C64815491E1BF9200091044F /* CafeDetailView.xib */ = {isa = PBXFileReference; fileEncoding = 4; lastKnownFileType = file.xib; path = CafeDetailView.xib; sourceTree = "<group>"; };
		C648154D1E1BFF6E0091044F /* CafeAnnotationView.swift */ = {isa = PBXFileReference; fileEncoding = 4; lastKnownFileType = sourcecode.swift; path = CafeAnnotationView.swift; sourceTree = "<group>"; };
		C660CE441E27EFD400ED25A3 /* UIView+BezierPaths.swift */ = {isa = PBXFileReference; fileEncoding = 4; lastKnownFileType = sourcecode.swift; path = "UIView+BezierPaths.swift"; sourceTree = "<group>"; };
		C678DB351E20A818000782BD /* UserInfo.swift */ = {isa = PBXFileReference; fileEncoding = 4; lastKnownFileType = sourcecode.swift; path = UserInfo.swift; sourceTree = "<group>"; };
		C678DB591E20FC2A000782BD /* SortPickerView.xib */ = {isa = PBXFileReference; fileEncoding = 4; lastKnownFileType = file.xib; path = SortPickerView.xib; sourceTree = "<group>"; };
		C678DB5F1E213391000782BD /* SortPickerView.swift */ = {isa = PBXFileReference; fileEncoding = 4; lastKnownFileType = sourcecode.swift; path = SortPickerView.swift; sourceTree = "<group>"; };
		C689A1D71E17468600506E54 /* CafeDetailHeader.xib */ = {isa = PBXFileReference; fileEncoding = 4; lastKnownFileType = file.xib; path = CafeDetailHeader.xib; sourceTree = "<group>"; };
		C6A57D3B1E14052A00EAFF81 /* Find_Cafe.app */ = {isa = PBXFileReference; explicitFileType = wrapper.application; includeInIndex = 0; path = Find_Cafe.app; sourceTree = BUILT_PRODUCTS_DIR; };
		C6A57D3E1E14052A00EAFF81 /* AppDelegate.swift */ = {isa = PBXFileReference; lastKnownFileType = sourcecode.swift; path = AppDelegate.swift; sourceTree = "<group>"; };
		C6A57D431E14052A00EAFF81 /* Base */ = {isa = PBXFileReference; lastKnownFileType = file.storyboard; name = Base; path = Base.lproj/Main.storyboard; sourceTree = "<group>"; };
		C6A57D451E14052A00EAFF81 /* Assets.xcassets */ = {isa = PBXFileReference; lastKnownFileType = folder.assetcatalog; path = Assets.xcassets; sourceTree = "<group>"; };
		C6A57D481E14052A00EAFF81 /* Base */ = {isa = PBXFileReference; lastKnownFileType = file.storyboard; name = Base; path = Base.lproj/LaunchScreen.storyboard; sourceTree = "<group>"; };
		C6A57D4A1E14052A00EAFF81 /* Info.plist */ = {isa = PBXFileReference; lastKnownFileType = text.plist.xml; path = Info.plist; sourceTree = "<group>"; };
		C6A57D501E1423E500EAFF81 /* HomePageViewController.swift */ = {isa = PBXFileReference; fileEncoding = 4; lastKnownFileType = sourcecode.swift; path = HomePageViewController.swift; sourceTree = "<group>"; };
		C6A57D521E1424C000EAFF81 /* SelectCityViewController.swift */ = {isa = PBXFileReference; fileEncoding = 4; lastKnownFileType = sourcecode.swift; path = SelectCityViewController.swift; sourceTree = "<group>"; };
		C6A57D541E1424F200EAFF81 /* CafesViewController.swift */ = {isa = PBXFileReference; fileEncoding = 4; lastKnownFileType = sourcecode.swift; path = CafesViewController.swift; sourceTree = "<group>"; };
		C6A57D581E154C5900EAFF81 /* CoreLocation.framework */ = {isa = PBXFileReference; lastKnownFileType = wrapper.framework; name = CoreLocation.framework; path = System/Library/Frameworks/CoreLocation.framework; sourceTree = SDKROOT; };
		C6A57D5A1E15D74E00EAFF81 /* NetworkManager.swift */ = {isa = PBXFileReference; fileEncoding = 4; lastKnownFileType = sourcecode.swift; path = NetworkManager.swift; sourceTree = "<group>"; };
		C6F00A4C1E22971600D02545 /* LocationSearchTable.swift */ = {isa = PBXFileReference; fileEncoding = 4; lastKnownFileType = sourcecode.swift; path = LocationSearchTable.swift; sourceTree = "<group>"; };
		ED3E88E71E1DE67A007E1296 /* CafeAnnotation.swift */ = {isa = PBXFileReference; fileEncoding = 4; lastKnownFileType = sourcecode.swift; path = CafeAnnotation.swift; sourceTree = "<group>"; };
		ED3E88E91E1DEB20007E1296 /* CafeDetailView.swift */ = {isa = PBXFileReference; fileEncoding = 4; lastKnownFileType = sourcecode.swift; path = CafeDetailView.swift; sourceTree = "<group>"; };
		ED6642371E1634820030B088 /* CafesInfo.swift */ = {isa = PBXFileReference; fileEncoding = 4; lastKnownFileType = sourcecode.swift; path = CafesInfo.swift; sourceTree = "<group>"; };
/* End PBXFileReference section */

/* Begin PBXFrameworksBuildPhase section */
		C6A57D381E14052A00EAFF81 /* Frameworks */ = {
			isa = PBXFrameworksBuildPhase;
			buildActionMask = 2147483647;
			files = (
				C6A57D591E154C5900EAFF81 /* CoreLocation.framework in Frameworks */,
				C64815481E18B0860091044F /* MapKit.framework in Frameworks */,
				0865F75CCB2ADBD83DE79F48 /* Pods_Find_Cafe.framework in Frameworks */,
			);
			runOnlyForDeploymentPostprocessing = 0;
		};
/* End PBXFrameworksBuildPhase section */

/* Begin PBXGroup section */
		4159B1B42C8420A0ED2B325F /* Frameworks */ = {
			isa = PBXGroup;
			children = (
				C64815471E18B0860091044F /* MapKit.framework */,
				C6A57D581E154C5900EAFF81 /* CoreLocation.framework */,
				08DCE23F71734DD73C892CB1 /* Pods_Find_Cafe.framework */,
			);
			name = Frameworks;
			sourceTree = "<group>";
		};
		89A086BBCA066DDA1E0C55A2 /* Pods */ = {
			isa = PBXGroup;
			children = (
				3883C4F5A312BAA135E8F566 /* Pods-Find_Cafe.debug.xcconfig */,
				128B618FF8FF46EF8A7B515F /* Pods-Find_Cafe.release.xcconfig */,
			);
			name = Pods;
			sourceTree = "<group>";
		};
		C6A57D321E14052A00EAFF81 = {
			isa = PBXGroup;
			children = (
				C6A57D3D1E14052A00EAFF81 /* Find_Cafe */,
				C6A57D3C1E14052A00EAFF81 /* Products */,
				89A086BBCA066DDA1E0C55A2 /* Pods */,
				4159B1B42C8420A0ED2B325F /* Frameworks */,
			);
			sourceTree = "<group>";
		};
		C6A57D3C1E14052A00EAFF81 /* Products */ = {
			isa = PBXGroup;
			children = (
				C6A57D3B1E14052A00EAFF81 /* Find_Cafe.app */,
			);
			name = Products;
			sourceTree = "<group>";
		};
		C6A57D3D1E14052A00EAFF81 /* Find_Cafe */ = {
			isa = PBXGroup;
			children = (
				ED3E88E61E1DE5F3007E1296 /* Extensions */,
				ED3E88E51E1DE5CC007E1296 /* Resource */,
				ED3E88E31E1DE4EC007E1296 /* Models */,
				ED3E88E21E1DE4D1007E1296 /* Views & Controllers */,
				ED3E88E41E1DE531007E1296 /* Storyboard */,
			);
			path = Find_Cafe;
			sourceTree = "<group>";
		};
		ED3E88E21E1DE4D1007E1296 /* Views & Controllers */ = {
			isa = PBXGroup;
			children = (
				C608D4861E3325E1005DDD0D /* SelectCityTableViewController.swift */,
				C6A57D541E1424F200EAFF81 /* CafesViewController.swift */,
				C6A57D521E1424C000EAFF81 /* SelectCityViewController.swift */,
				C689A1D71E17468600506E54 /* CafeDetailHeader.xib */,
				ED3E88E91E1DEB20007E1296 /* CafeDetailView.swift */,
				C64815491E1BF9200091044F /* CafeDetailView.xib */,
				C6A57D501E1423E500EAFF81 /* HomePageViewController.swift */,
				C678DB591E20FC2A000782BD /* SortPickerView.xib */,
				C678DB5F1E213391000782BD /* SortPickerView.swift */,
				C608D4841E32F83F005DDD0D /* SortTableViewController.swift */,
				C6F00A4C1E22971600D02545 /* LocationSearchTable.swift */,
			);
			name = "Views & Controllers";
			sourceTree = "<group>";
		};
		ED3E88E31E1DE4EC007E1296 /* Models */ = {
			isa = PBXGroup;
			children = (
				ED6642371E1634820030B088 /* CafesInfo.swift */,
				C648154D1E1BFF6E0091044F /* CafeAnnotationView.swift */,
				ED3E88E71E1DE67A007E1296 /* CafeAnnotation.swift */,
				C678DB351E20A818000782BD /* UserInfo.swift */,
			);
			name = Models;
			sourceTree = "<group>";
		};
		ED3E88E41E1DE531007E1296 /* Storyboard */ = {
			isa = PBXGroup;
			children = (
				C6A57D471E14052A00EAFF81 /* LaunchScreen.storyboard */,
				C6A57D421E14052A00EAFF81 /* Main.storyboard */,
			);
			name = Storyboard;
			sourceTree = "<group>";
		};
		ED3E88E51E1DE5CC007E1296 /* Resource */ = {
			isa = PBXGroup;
			children = (
				C608D4821E32839E005DDD0D /* SF-UI-Text-Regular.otf */,
				C6A57D4A1E14052A00EAFF81 /* Info.plist */,
				C6A57D451E14052A00EAFF81 /* Assets.xcassets */,
				C6A57D3E1E14052A00EAFF81 /* AppDelegate.swift */,
			);
			name = Resource;
			sourceTree = "<group>";
		};
		ED3E88E61E1DE5F3007E1296 /* Extensions */ = {
			isa = PBXGroup;
			children = (
				C6A57D5A1E15D74E00EAFF81 /* NetworkManager.swift */,
				C660CE441E27EFD400ED25A3 /* UIView+BezierPaths.swift */,
			);
			name = Extensions;
			sourceTree = "<group>";
		};
/* End PBXGroup section */

/* Begin PBXNativeTarget section */
		C6A57D3A1E14052A00EAFF81 /* Find_Cafe */ = {
			isa = PBXNativeTarget;
			buildConfigurationList = C6A57D4D1E14052A00EAFF81 /* Build configuration list for PBXNativeTarget "Find_Cafe" */;
			buildPhases = (
				36409F04251E80A386C6FCEF /* [CP] Check Pods Manifest.lock */,
				C6A57D371E14052A00EAFF81 /* Sources */,
				C6A57D381E14052A00EAFF81 /* Frameworks */,
				C6A57D391E14052A00EAFF81 /* Resources */,
				CDFDCDB56B11F42114FE5B8C /* [CP] Embed Pods Frameworks */,
				CACC988432AF74AD1015ACD4 /* [CP] Copy Pods Resources */,
			);
			buildRules = (
			);
			dependencies = (
			);
			name = Find_Cafe;
			productName = Find_Cafe;
			productReference = C6A57D3B1E14052A00EAFF81 /* Find_Cafe.app */;
			productType = "com.apple.product-type.application";
		};
/* End PBXNativeTarget section */

/* Begin PBXProject section */
		C6A57D331E14052A00EAFF81 /* Project object */ = {
			isa = PBXProject;
			attributes = {
				LastSwiftUpdateCheck = 0820;
				LastUpgradeCheck = 0820;
				ORGANIZATIONNAME = "Chien Hsiang Yin";
				TargetAttributes = {
					C6A57D3A1E14052A00EAFF81 = {
						CreatedOnToolsVersion = 8.2.1;
						DevelopmentTeam = 2P6AEF5G35;
						ProvisioningStyle = Automatic;
						SystemCapabilities = {
							com.apple.Maps.iOS = {
								enabled = 1;
							};
						};
					};
				};
			};
			buildConfigurationList = C6A57D361E14052A00EAFF81 /* Build configuration list for PBXProject "Find_Cafe" */;
			compatibilityVersion = "Xcode 3.2";
			developmentRegion = English;
			hasScannedForEncodings = 0;
			knownRegions = (
				en,
				Base,
			);
			mainGroup = C6A57D321E14052A00EAFF81;
			productRefGroup = C6A57D3C1E14052A00EAFF81 /* Products */;
			projectDirPath = "";
			projectRoot = "";
			targets = (
				C6A57D3A1E14052A00EAFF81 /* Find_Cafe */,
			);
		};
/* End PBXProject section */

/* Begin PBXResourcesBuildPhase section */
		C6A57D391E14052A00EAFF81 /* Resources */ = {
			isa = PBXResourcesBuildPhase;
			buildActionMask = 2147483647;
			files = (
				C678DB5A1E20FC2A000782BD /* SortPickerView.xib in Resources */,
				C648154A1E1BF9200091044F /* CafeDetailView.xib in Resources */,
				C689A1D81E17468600506E54 /* CafeDetailHeader.xib in Resources */,
				C6A57D491E14052A00EAFF81 /* LaunchScreen.storyboard in Resources */,
				C6A57D461E14052A00EAFF81 /* Assets.xcassets in Resources */,
				C608D4831E32839E005DDD0D /* SF-UI-Text-Regular.otf in Resources */,
				C6A57D441E14052A00EAFF81 /* Main.storyboard in Resources */,
			);
			runOnlyForDeploymentPostprocessing = 0;
		};
/* End PBXResourcesBuildPhase section */

/* Begin PBXShellScriptBuildPhase section */
		36409F04251E80A386C6FCEF /* [CP] Check Pods Manifest.lock */ = {
			isa = PBXShellScriptBuildPhase;
			buildActionMask = 2147483647;
			files = (
			);
			inputPaths = (
			);
			name = "[CP] Check Pods Manifest.lock";
			outputPaths = (
			);
			runOnlyForDeploymentPostprocessing = 0;
			shellPath = /bin/sh;
			shellScript = "diff \"${PODS_ROOT}/../Podfile.lock\" \"${PODS_ROOT}/Manifest.lock\" > /dev/null\nif [ $? != 0 ] ; then\n    # print error to STDERR\n    echo \"error: The sandbox is not in sync with the Podfile.lock. Run 'pod install' or update your CocoaPods installation.\" >&2\n    exit 1\nfi\n";
			showEnvVarsInLog = 0;
		};
		CACC988432AF74AD1015ACD4 /* [CP] Copy Pods Resources */ = {
			isa = PBXShellScriptBuildPhase;
			buildActionMask = 2147483647;
			files = (
			);
			inputPaths = (
			);
			name = "[CP] Copy Pods Resources";
			outputPaths = (
			);
			runOnlyForDeploymentPostprocessing = 0;
			shellPath = /bin/sh;
			shellScript = "\"${SRCROOT}/Pods/Target Support Files/Pods-Find_Cafe/Pods-Find_Cafe-resources.sh\"\n";
			showEnvVarsInLog = 0;
		};
		CDFDCDB56B11F42114FE5B8C /* [CP] Embed Pods Frameworks */ = {
			isa = PBXShellScriptBuildPhase;
			buildActionMask = 2147483647;
			files = (
			);
			inputPaths = (
			);
			name = "[CP] Embed Pods Frameworks";
			outputPaths = (
			);
			runOnlyForDeploymentPostprocessing = 0;
			shellPath = /bin/sh;
			shellScript = "\"${SRCROOT}/Pods/Target Support Files/Pods-Find_Cafe/Pods-Find_Cafe-frameworks.sh\"\n";
			showEnvVarsInLog = 0;
		};
/* End PBXShellScriptBuildPhase section */

/* Begin PBXSourcesBuildPhase section */
		C6A57D371E14052A00EAFF81 /* Sources */ = {
			isa = PBXSourcesBuildPhase;
			buildActionMask = 2147483647;
			files = (
				C660CE451E27EFD400ED25A3 /* UIView+BezierPaths.swift in Sources */,
				C6F00A4D1E22971600D02545 /* LocationSearchTable.swift in Sources */,
				C648154E1E1BFF6E0091044F /* CafeAnnotationView.swift in Sources */,
				C6A57D5B1E15D74E00EAFF81 /* NetworkManager.swift in Sources */,
				C6A57D3F1E14052A00EAFF81 /* AppDelegate.swift in Sources */,
				ED6642381E1634820030B088 /* CafesInfo.swift in Sources */,
				ED3E88EA1E1DEB20007E1296 /* CafeDetailView.swift in Sources */,
				C6A57D551E1424F200EAFF81 /* CafesViewController.swift in Sources */,
				C6A57D511E1423E500EAFF81 /* HomePageViewController.swift in Sources */,
				C678DB601E213391000782BD /* SortPickerView.swift in Sources */,
				C608D4871E3325E1005DDD0D /* SelectCityTableViewController.swift in Sources */,
				C608D4851E32F83F005DDD0D /* SortTableViewController.swift in Sources */,
				ED3E88E81E1DE67A007E1296 /* CafeAnnotation.swift in Sources */,
				C678DB361E20A818000782BD /* UserInfo.swift in Sources */,
				C6A57D531E1424C000EAFF81 /* SelectCityViewController.swift in Sources */,
			);
			runOnlyForDeploymentPostprocessing = 0;
		};
/* End PBXSourcesBuildPhase section */

/* Begin PBXVariantGroup section */
		C6A57D421E14052A00EAFF81 /* Main.storyboard */ = {
			isa = PBXVariantGroup;
			children = (
				C6A57D431E14052A00EAFF81 /* Base */,
			);
			name = Main.storyboard;
			sourceTree = "<group>";
		};
		C6A57D471E14052A00EAFF81 /* LaunchScreen.storyboard */ = {
			isa = PBXVariantGroup;
			children = (
				C6A57D481E14052A00EAFF81 /* Base */,
			);
			name = LaunchScreen.storyboard;
			sourceTree = "<group>";
		};
/* End PBXVariantGroup section */

/* Begin XCBuildConfiguration section */
		C6A57D4B1E14052A00EAFF81 /* Debug */ = {
			isa = XCBuildConfiguration;
			buildSettings = {
				ALWAYS_SEARCH_USER_PATHS = NO;
				CLANG_ANALYZER_NONNULL = YES;
				CLANG_CXX_LANGUAGE_STANDARD = "gnu++0x";
				CLANG_CXX_LIBRARY = "libc++";
				CLANG_ENABLE_MODULES = YES;
				CLANG_ENABLE_OBJC_ARC = YES;
				CLANG_WARN_BOOL_CONVERSION = YES;
				CLANG_WARN_CONSTANT_CONVERSION = YES;
				CLANG_WARN_DIRECT_OBJC_ISA_USAGE = YES_ERROR;
				CLANG_WARN_DOCUMENTATION_COMMENTS = YES;
				CLANG_WARN_EMPTY_BODY = YES;
				CLANG_WARN_ENUM_CONVERSION = YES;
				CLANG_WARN_INFINITE_RECURSION = YES;
				CLANG_WARN_INT_CONVERSION = YES;
				CLANG_WARN_OBJC_ROOT_CLASS = YES_ERROR;
				CLANG_WARN_SUSPICIOUS_MOVE = YES;
				CLANG_WARN_UNREACHABLE_CODE = YES;
				CLANG_WARN__DUPLICATE_METHOD_MATCH = YES;
				"CODE_SIGN_IDENTITY[sdk=iphoneos*]" = "iPhone Developer";
				COPY_PHASE_STRIP = NO;
				DEBUG_INFORMATION_FORMAT = dwarf;
				ENABLE_STRICT_OBJC_MSGSEND = YES;
				ENABLE_TESTABILITY = YES;
				GCC_C_LANGUAGE_STANDARD = gnu99;
				GCC_DYNAMIC_NO_PIC = NO;
				GCC_NO_COMMON_BLOCKS = YES;
				GCC_OPTIMIZATION_LEVEL = 0;
				GCC_PREPROCESSOR_DEFINITIONS = (
					"DEBUG=1",
					"$(inherited)",
				);
				GCC_WARN_64_TO_32_BIT_CONVERSION = YES;
				GCC_WARN_ABOUT_RETURN_TYPE = YES_ERROR;
				GCC_WARN_UNDECLARED_SELECTOR = YES;
				GCC_WARN_UNINITIALIZED_AUTOS = YES_AGGRESSIVE;
				GCC_WARN_UNUSED_FUNCTION = YES;
				GCC_WARN_UNUSED_VARIABLE = YES;
				IPHONEOS_DEPLOYMENT_TARGET = 10.2;
				MTL_ENABLE_DEBUG_INFO = YES;
				ONLY_ACTIVE_ARCH = YES;
				SDKROOT = iphoneos;
				SWIFT_ACTIVE_COMPILATION_CONDITIONS = DEBUG;
				SWIFT_OPTIMIZATION_LEVEL = "-Onone";
			};
			name = Debug;
		};
		C6A57D4C1E14052A00EAFF81 /* Release */ = {
			isa = XCBuildConfiguration;
			buildSettings = {
				ALWAYS_SEARCH_USER_PATHS = NO;
				CLANG_ANALYZER_NONNULL = YES;
				CLANG_CXX_LANGUAGE_STANDARD = "gnu++0x";
				CLANG_CXX_LIBRARY = "libc++";
				CLANG_ENABLE_MODULES = YES;
				CLANG_ENABLE_OBJC_ARC = YES;
				CLANG_WARN_BOOL_CONVERSION = YES;
				CLANG_WARN_CONSTANT_CONVERSION = YES;
				CLANG_WARN_DIRECT_OBJC_ISA_USAGE = YES_ERROR;
				CLANG_WARN_DOCUMENTATION_COMMENTS = YES;
				CLANG_WARN_EMPTY_BODY = YES;
				CLANG_WARN_ENUM_CONVERSION = YES;
				CLANG_WARN_INFINITE_RECURSION = YES;
				CLANG_WARN_INT_CONVERSION = YES;
				CLANG_WARN_OBJC_ROOT_CLASS = YES_ERROR;
				CLANG_WARN_SUSPICIOUS_MOVE = YES;
				CLANG_WARN_UNREACHABLE_CODE = YES;
				CLANG_WARN__DUPLICATE_METHOD_MATCH = YES;
				"CODE_SIGN_IDENTITY[sdk=iphoneos*]" = "iPhone Developer";
				COPY_PHASE_STRIP = NO;
				DEBUG_INFORMATION_FORMAT = "dwarf-with-dsym";
				ENABLE_NS_ASSERTIONS = NO;
				ENABLE_STRICT_OBJC_MSGSEND = YES;
				GCC_C_LANGUAGE_STANDARD = gnu99;
				GCC_NO_COMMON_BLOCKS = YES;
				GCC_WARN_64_TO_32_BIT_CONVERSION = YES;
				GCC_WARN_ABOUT_RETURN_TYPE = YES_ERROR;
				GCC_WARN_UNDECLARED_SELECTOR = YES;
				GCC_WARN_UNINITIALIZED_AUTOS = YES_AGGRESSIVE;
				GCC_WARN_UNUSED_FUNCTION = YES;
				GCC_WARN_UNUSED_VARIABLE = YES;
				IPHONEOS_DEPLOYMENT_TARGET = 10.2;
				MTL_ENABLE_DEBUG_INFO = NO;
				SDKROOT = iphoneos;
				SWIFT_OPTIMIZATION_LEVEL = "-Owholemodule";
				VALIDATE_PRODUCT = YES;
			};
			name = Release;
		};
		C6A57D4E1E14052A00EAFF81 /* Debug */ = {
			isa = XCBuildConfiguration;
			baseConfigurationReference = 3883C4F5A312BAA135E8F566 /* Pods-Find_Cafe.debug.xcconfig */;
			buildSettings = {
				ASSETCATALOG_COMPILER_APPICON_NAME = AppIcon;
				DEVELOPMENT_TEAM = 2P6AEF5G35;
				INFOPLIST_FILE = Find_Cafe/Info.plist;
				IPHONEOS_DEPLOYMENT_TARGET = 9.0;
				LD_RUNPATH_SEARCH_PATHS = "$(inherited) @executable_path/Frameworks";
				PRODUCT_BUNDLE_IDENTIFIER = "com.chienhsiangyin.Find-Cafes";
				PRODUCT_NAME = "$(TARGET_NAME)";
				SWIFT_VERSION = 3.0;
			};
			name = Debug;
		};
		C6A57D4F1E14052A00EAFF81 /* Release */ = {
			isa = XCBuildConfiguration;
			baseConfigurationReference = 128B618FF8FF46EF8A7B515F /* Pods-Find_Cafe.release.xcconfig */;
			buildSettings = {
				ASSETCATALOG_COMPILER_APPICON_NAME = AppIcon;
				DEVELOPMENT_TEAM = 2P6AEF5G35;
				INFOPLIST_FILE = Find_Cafe/Info.plist;
				IPHONEOS_DEPLOYMENT_TARGET = 9.0;
				LD_RUNPATH_SEARCH_PATHS = "$(inherited) @executable_path/Frameworks";
				PRODUCT_BUNDLE_IDENTIFIER = "com.chienhsiangyin.Find-Cafes";
				PRODUCT_NAME = "$(TARGET_NAME)";
				SWIFT_VERSION = 3.0;
			};
			name = Release;
		};
/* End XCBuildConfiguration section */

/* Begin XCConfigurationList section */
		C6A57D361E14052A00EAFF81 /* Build configuration list for PBXProject "Find_Cafe" */ = {
			isa = XCConfigurationList;
			buildConfigurations = (
				C6A57D4B1E14052A00EAFF81 /* Debug */,
				C6A57D4C1E14052A00EAFF81 /* Release */,
			);
			defaultConfigurationIsVisible = 0;
			defaultConfigurationName = Release;
		};
		C6A57D4D1E14052A00EAFF81 /* Build configuration list for PBXNativeTarget "Find_Cafe" */ = {
			isa = XCConfigurationList;
			buildConfigurations = (
				C6A57D4E1E14052A00EAFF81 /* Debug */,
				C6A57D4F1E14052A00EAFF81 /* Release */,
			);
			defaultConfigurationIsVisible = 0;
			defaultConfigurationName = Release;
		};
/* End XCConfigurationList section */
	};
	rootObject = C6A57D331E14052A00EAFF81 /* Project object */;
}
