// !$*UTF8*$!
{
	archiveVersion = 1;
	classes = {
	};
	objectVersion = 46;
	objects = {

/* Begin PBXBuildFile section */
		C6A57D3F1E14052A00EAFF81 /* AppDelegate.swift in Sources */ = {isa = PBXBuildFile; fileRef = C6A57D3E1E14052A00EAFF81 /* AppDelegate.swift */; };
		C6A57D411E14052A00EAFF81 /* ViewController.swift in Sources */ = {isa = PBXBuildFile; fileRef = C6A57D401E14052A00EAFF81 /* ViewController.swift */; };
		C6A57D441E14052A00EAFF81 /* Main.storyboard in Resources */ = {isa = PBXBuildFile; fileRef = C6A57D421E14052A00EAFF81 /* Main.storyboard */; };
		C6A57D461E14052A00EAFF81 /* Assets.xcassets in Resources */ = {isa = PBXBuildFile; fileRef = C6A57D451E14052A00EAFF81 /* Assets.xcassets */; };
		C6A57D491E14052A00EAFF81 /* LaunchScreen.storyboard in Resources */ = {isa = PBXBuildFile; fileRef = C6A57D471E14052A00EAFF81 /* LaunchScreen.storyboard */; };
/* End PBXBuildFile section */

/* Begin PBXFileReference section */
		C6A57D3B1E14052A00EAFF81 /* Find_Cafe.app */ = {isa = PBXFileReference; explicitFileType = wrapper.application; includeInIndex = 0; path = Find_Cafe.app; sourceTree = BUILT_PRODUCTS_DIR; };
		C6A57D3E1E14052A00EAFF81 /* AppDelegate.swift */ = {isa = PBXFileReference; lastKnownFileType = sourcecode.swift; path = AppDelegate.swift; sourceTree = "<group>"; };
		C6A57D401E14052A00EAFF81 /* ViewController.swift */ = {isa = PBXFileReference; lastKnownFileType = sourcecode.swift; path = ViewController.swift; sourceTree = "<group>"; };
		C6A57D431E14052A00EAFF81 /* Base */ = {isa = PBXFileReference; lastKnownFileType = file.storyboard; name = Base; path = Base.lproj/Main.storyboard; sourceTree = "<group>"; };
		C6A57D451E14052A00EAFF81 /* Assets.xcassets */ = {isa = PBXFileReference; lastKnownFileType = folder.assetcatalog; path = Assets.xcassets; sourceTree = "<group>"; };
		C6A57D481E14052A00EAFF81 /* Base */ = {isa = PBXFileReference; lastKnownFileType = file.storyboard; name = Base; path = Base.lproj/LaunchScreen.storyboard; sourceTree = "<group>"; };
		C6A57D4A1E14052A00EAFF81 /* Info.plist */ = {isa = PBXFileReference; lastKnownFileType = text.plist.xml; path = Info.plist; sourceTree = "<group>"; };
/* End PBXFileReference section */

/* Begin PBXFrameworksBuildPhase section */
		C6A57D381E14052A00EAFF81 /* Frameworks */ = {
			isa = PBXFrameworksBuildPhase;
			buildActionMask = 2147483647;
			files = (
			);
			runOnlyForDeploymentPostprocessing = 0;
		};
/* End PBXFrameworksBuildPhase section */

/* Begin PBXGroup section */
		C6A57D321E14052A00EAFF81 = {
			isa = PBXGroup;
			children = (
				C6A57D3D1E14052A00EAFF81 /* Find_Cafe */,
				C6A57D3C1E14052A00EAFF81 /* Products */,
			);
			sourceTree = "<group>";
		};
		C6A57D3C1E14052A00EAFF81 /* Products */ = {
			isa = PBXGroup;
			children = (
				C6A57D3B1E14052A00EAFF81 /* Find_Cafe.app */,
			);
			name = Products;
			sourceTree = "<group>";
		};
		C6A57D3D1E14052A00EAFF81 /* Find_Cafe */ = {
			isa = PBXGroup;
			children = (
				C6A57D3E1E14052A00EAFF81 /* AppDelegate.swift */,
				C6A57D401E14052A00EAFF81 /* ViewController.swift */,
				C6A57D421E14052A00EAFF81 /* Main.storyboard */,
				C6A57D451E14052A00EAFF81 /* Assets.xcassets */,
				C6A57D471E14052A00EAFF81 /* LaunchScreen.storyboard */,
				C6A57D4A1E14052A00EAFF81 /* Info.plist */,
			);
			path = Find_Cafe;
			sourceTree = "<group>";
		};
/* End PBXGroup section */

/* Begin PBXNativeTarget section */
		C6A57D3A1E14052A00EAFF81 /* Find_Cafe */ = {
			isa = PBXNativeTarget;
			buildConfigurationList = C6A57D4D1E14052A00EAFF81 /* Build configuration list for PBXNativeTarget "Find_Cafe" */;
			buildPhases = (
				C6A57D371E14052A00EAFF81 /* Sources */,
				C6A57D381E14052A00EAFF81 /* Frameworks */,
				C6A57D391E14052A00EAFF81 /* Resources */,
			);
			buildRules = (
			);
			dependencies = (
			);
			name = Find_Cafe;
			productName = Find_Cafe;
			productReference = C6A57D3B1E14052A00EAFF81 /* Find_Cafe.app */;
			productType = "com.apple.product-type.application";
		};
/* End PBXNativeTarget section */

/* Begin PBXProject section */
		C6A57D331E14052A00EAFF81 /* Project object */ = {
			isa = PBXProject;
			attributes = {
				LastSwiftUpdateCheck = 0820;
				LastUpgradeCheck = 0820;
				ORGANIZATIONNAME = "Chien Hsiang Yin";
				TargetAttributes = {
					C6A57D3A1E14052A00EAFF81 = {
						CreatedOnToolsVersion = 8.2.1;
						DevelopmentTeam = 2P6AEF5G35;
						ProvisioningStyle = Automatic;
					};
				};
			};
			buildConfigurationList = C6A57D361E14052A00EAFF81 /* Build configuration list for PBXProject "Find_Cafe" */;
			compatibilityVersion = "Xcode 3.2";
			developmentRegion = English;
			hasScannedForEncodings = 0;
			knownRegions = (
				en,
				Base,
			);
			mainGroup = C6A57D321E14052A00EAFF81;
			productRefGroup = C6A57D3C1E14052A00EAFF81 /* Products */;
			projectDirPath = "";
			projectRoot = "";
			targets = (
				C6A57D3A1E14052A00EAFF81 /* Find_Cafe */,
			);
		};
/* End PBXProject section */

/* Begin PBXResourcesBuildPhase section */
		C6A57D391E14052A00EAFF81 /* Resources */ = {
			isa = PBXResourcesBuildPhase;
			buildActionMask = 2147483647;
			files = (
				C6A57D491E14052A00EAFF81 /* LaunchScreen.storyboard in Resources */,
				C6A57D461E14052A00EAFF81 /* Assets.xcassets in Resources */,
				C6A57D441E14052A00EAFF81 /* Main.storyboard in Resources */,
			);
			runOnlyForDeploymentPostprocessing = 0;
		};
/* End PBXResourcesBuildPhase section */

/* Begin PBXSourcesBuildPhase section */
		C6A57D371E14052A00EAFF81 /* Sources */ = {
			isa = PBXSourcesBuildPhase;
			buildActionMask = 2147483647;
			files = (
				C6A57D411E14052A00EAFF81 /* ViewController.swift in Sources */,
				C6A57D3F1E14052A00EAFF81 /* AppDelegate.swift in Sources */,
			);
			runOnlyForDeploymentPostprocessing = 0;
		};
/* End PBXSourcesBuildPhase section */

/* Begin PBXVariantGroup section */
		C6A57D421E14052A00EAFF81 /* Main.storyboard */ = {
			isa = PBXVariantGroup;
			children = (
				C6A57D431E14052A00EAFF81 /* Base */,
			);
			name = Main.storyboard;
			sourceTree = "<group>";
		};
		C6A57D471E14052A00EAFF81 /* LaunchScreen.storyboard */ = {
			isa = PBXVariantGroup;
			children = (
				C6A57D481E14052A00EAFF81 /* Base */,
			);
			name = LaunchScreen.storyboard;
			sourceTree = "<group>";
		};
/* End PBXVariantGroup section */

/* Begin XCBuildConfiguration section */
		C6A57D4B1E14052A00EAFF81 /* Debug */ = {
			isa = XCBuildConfiguration;
			buildSettings = {
				ALWAYS_SEARCH_USER_PATHS = NO;
				CLANG_ANALYZER_NONNULL = YES;
				CLANG_CXX_LANGUAGE_STANDARD = "gnu++0x";
				CLANG_CXX_LIBRARY = "libc++";
				CLANG_ENABLE_MODULES = YES;
				CLANG_ENABLE_OBJC_ARC = YES;
				CLANG_WARN_BOOL_CONVERSION = YES;
				CLANG_WARN_CONSTANT_CONVERSION = YES;
				CLANG_WARN_DIRECT_OBJC_ISA_USAGE = YES_ERROR;
				CLANG_WARN_DOCUMENTATION_COMMENTS = YES;
				CLANG_WARN_EMPTY_BODY = YES;
				CLANG_WARN_ENUM_CONVERSION = YES;
				CLANG_WARN_INFINITE_RECURSION = YES;
				CLANG_WARN_INT_CONVERSION = YES;
				CLANG_WARN_OBJC_ROOT_CLASS = YES_ERROR;
				CLANG_WARN_SUSPICIOUS_MOVE = YES;
				CLANG_WARN_UNREACHABLE_CODE = YES;
				CLANG_WARN__DUPLICATE_METHOD_MATCH = YES;
				"CODE_SIGN_IDENTITY[sdk=iphoneos*]" = "iPhone Developer";
				COPY_PHASE_STRIP = NO;
				DEBUG_INFORMATION_FORMAT = dwarf;
				ENABLE_STRICT_OBJC_MSGSEND = YES;
				ENABLE_TESTABILITY = YES;
				GCC_C_LANGUAGE_STANDARD = gnu99;
				GCC_DYNAMIC_NO_PIC = NO;
				GCC_NO_COMMON_BLOCKS = YES;
				GCC_OPTIMIZATION_LEVEL = 0;
				GCC_PREPROCESSOR_DEFINITIONS = (
					"DEBUG=1",
					"$(inherited)",
				);
				GCC_WARN_64_TO_32_BIT_CONVERSION = YES;
				GCC_WARN_ABOUT_RETURN_TYPE = YES_ERROR;
				GCC_WARN_UNDECLARED_SELECTOR = YES;
				GCC_WARN_UNINITIALIZED_AUTOS = YES_AGGRESSIVE;
				GCC_WARN_UNUSED_FUNCTION = YES;
				GCC_WARN_UNUSED_VARIABLE = YES;
				IPHONEOS_DEPLOYMENT_TARGET = 10.2;
				MTL_ENABLE_DEBUG_INFO = YES;
				ONLY_ACTIVE_ARCH = YES;
				SDKROOT = iphoneos;
				SWIFT_ACTIVE_COMPILATION_CONDITIONS = DEBUG;
				SWIFT_OPTIMIZATION_LEVEL = "-Onone";
			};
			name = Debug;
		};
		C6A57D4C1E14052A00EAFF81 /* Release */ = {
			isa = XCBuildConfiguration;
			buildSettings = {
				ALWAYS_SEARCH_USER_PATHS = NO;
				CLANG_ANALYZER_NONNULL = YES;
				CLANG_CXX_LANGUAGE_STANDARD = "gnu++0x";
				CLANG_CXX_LIBRARY = "libc++";
				CLANG_ENABLE_MODULES = YES;
				CLANG_ENABLE_OBJC_ARC = YES;
				CLANG_WARN_BOOL_CONVERSION = YES;
				CLANG_WARN_CONSTANT_CONVERSION = YES;
				CLANG_WARN_DIRECT_OBJC_ISA_USAGE = YES_ERROR;
				CLANG_WARN_DOCUMENTATION_COMMENTS = YES;
				CLANG_WARN_EMPTY_BODY = YES;
				CLANG_WARN_ENUM_CONVERSION = YES;
				CLANG_WARN_INFINITE_RECURSION = YES;
				CLANG_WARN_INT_CONVERSION = YES;
				CLANG_WARN_OBJC_ROOT_CLASS = YES_ERROR;
				CLANG_WARN_SUSPICIOUS_MOVE = YES;
				CLANG_WARN_UNREACHABLE_CODE = YES;
				CLANG_WARN__DUPLICATE_METHOD_MATCH = YES;
				"CODE_SIGN_IDENTITY[sdk=iphoneos*]" = "iPhone Developer";
				COPY_PHASE_STRIP = NO;
				DEBUG_INFORMATION_FORMAT = "dwarf-with-dsym";
				ENABLE_NS_ASSERTIONS = NO;
				ENABLE_STRICT_OBJC_MSGSEND = YES;
				GCC_C_LANGUAGE_STANDARD = gnu99;
				GCC_NO_COMMON_BLOCKS = YES;
				GCC_WARN_64_TO_32_BIT_CONVERSION = YES;
				GCC_WARN_ABOUT_RETURN_TYPE = YES_ERROR;
				GCC_WARN_UNDECLARED_SELECTOR = YES;
				GCC_WARN_UNINITIALIZED_AUTOS = YES_AGGRESSIVE;
				GCC_WARN_UNUSED_FUNCTION = YES;
				GCC_WARN_UNUSED_VARIABLE = YES;
				IPHONEOS_DEPLOYMENT_TARGET = 10.2;
				MTL_ENABLE_DEBUG_INFO = NO;
				SDKROOT = iphoneos;
				SWIFT_OPTIMIZATION_LEVEL = "-Owholemodule";
				VALIDATE_PRODUCT = YES;
			};
			name = Release;
		};
		C6A57D4E1E14052A00EAFF81 /* Debug */ = {
			isa = XCBuildConfiguration;
			buildSettings = {
				ASSETCATALOG_COMPILER_APPICON_NAME = AppIcon;
				DEVELOPMENT_TEAM = 2P6AEF5G35;
				INFOPLIST_FILE = Find_Cafe/Info.plist;
				LD_RUNPATH_SEARCH_PATHS = "$(inherited) @executable_path/Frameworks";
				PRODUCT_BUNDLE_IDENTIFIER = "Chien-Hsiang-Yin.Find-Cafe";
				PRODUCT_NAME = "$(TARGET_NAME)";
				SWIFT_VERSION = 3.0;
			};
			name = Debug;
		};
		C6A57D4F1E14052A00EAFF81 /* Release */ = {
			isa = XCBuildConfiguration;
			buildSettings = {
				ASSETCATALOG_COMPILER_APPICON_NAME = AppIcon;
				DEVELOPMENT_TEAM = 2P6AEF5G35;
				INFOPLIST_FILE = Find_Cafe/Info.plist;
				LD_RUNPATH_SEARCH_PATHS = "$(inherited) @executable_path/Frameworks";
				PRODUCT_BUNDLE_IDENTIFIER = "Chien-Hsiang-Yin.Find-Cafe";
				PRODUCT_NAME = "$(TARGET_NAME)";
				SWIFT_VERSION = 3.0;
			};
			name = Release;
		};
/* End XCBuildConfiguration section */

/* Begin XCConfigurationList section */
		C6A57D361E14052A00EAFF81 /* Build configuration list for PBXProject "Find_Cafe" */ = {
			isa = XCConfigurationList;
			buildConfigurations = (
				C6A57D4B1E14052A00EAFF81 /* Debug */,
				C6A57D4C1E14052A00EAFF81 /* Release */,
			);
			defaultConfigurationIsVisible = 0;
			defaultConfigurationName = Release;
		};
		C6A57D4D1E14052A00EAFF81 /* Build configuration list for PBXNativeTarget "Find_Cafe" */ = {
			isa = XCConfigurationList;
			buildConfigurations = (
				C6A57D4E1E14052A00EAFF81 /* Debug */,
				C6A57D4F1E14052A00EAFF81 /* Release */,
			);
			defaultConfigurationIsVisible = 0;
		};
/* End XCConfigurationList section */
	};
	rootObject = C6A57D331E14052A00EAFF81 /* Project object */;
}
